Microsoft Visual Studio Solution File, Format Version 12.00
# Visual Studio Version 17
VisualStudioVersion = 17.5.2.0
MinimumVisualStudioVersion = 10.0.40219.1
Project("{FAE04EC0-301F-11D3-BF4B-00C04F79EFBC}") = "TransactionApp", "TransactionApp.csproj", "{C554F019-F170-7D23-5E76-6EECC7481214}"
EndProject
Global
	GlobalSection(SolutionConfigurationPlatforms) = preSolution
		Debug|Any CPU = Debug|Any CPU
		Release|Any CPU = Release|Any CPU
	EndGlobalSection
	GlobalSection(ProjectConfigurationPlatforms) = postSolution
		{C554F019-F170-7D23-5E76-6EECC7481214}.Debug|Any CPU.ActiveCfg = Debug|Any CPU
		{C554F019-F170-7D23-5E76-6EECC7481214}.Debug|Any CPU.Build.0 = Debug|Any CPU
		{C554F019-F170-7D23-5E76-6EECC7481214}.Release|Any CPU.ActiveCfg = Release|Any CPU
		{C554F019-F170-7D23-5E76-6EECC7481214}.Release|Any CPU.Build.0 = Release|Any CPU
	EndGlobalSection
	GlobalSection(SolutionProperties) = preSolution
		HideSolutionNode = FALSE
	EndGlobalSection
	GlobalSection(ExtensibilityGlobals) = postSolution
		SolutionGuid = {F2D15739-2F89-47EE-929F-A07D97BCFB53}
	EndGlobalSection
EndGlobal
